
Microsoft Visual Studio Solution File, Format Version 12.00
# Visual Studio Version 16
VisualStudioVersion = 16.0.30621.155
MinimumVisualStudioVersion = 10.0.40219.1
Project("{FAE04EC0-301F-11D3-BF4B-00C04F79EFBC}") = "STQ", "STQ\STQ.csproj", "{498196EF-9FD4-4E29-8539-EAA29CC8787F}"
EndProject
Global
	GlobalSection(SolutionConfigurationPlatforms) = preSolution
		Debug|Any CPU = Debug|Any CPU
		Release|Any CPU = Release|Any CPU
	EndGlobalSection
	GlobalSection(ProjectConfigurationPlatforms) = postSolution
		{498196EF-9FD4-4E29-8539-EAA29CC8787F}.Debug|Any CPU.ActiveCfg = Debug|Any CPU
		{498196EF-9FD4-4E29-8539-EAA29CC8787F}.Debug|Any CPU.Build.0 = Debug|Any CPU
		{498196EF-9FD4-4E29-8539-EAA29CC8787F}.Release|Any CPU.ActiveCfg = Release|Any CPU
		{498196EF-9FD4-4E29-8539-EAA29CC8787F}.Release|Any CPU.Build.0 = Release|Any CPU
	EndGlobalSection
	GlobalSection(SolutionProperties) = preSolution
		HideSolutionNode = FALSE
	EndGlobalSection
	GlobalSection(ExtensibilityGlobals) = postSolution
		SolutionGuid = {1844A5C3-E242-47A4-B8AB-E65C5728DCA8}
	EndGlobalSection
EndGlobal
